
Microsoft Visual Studio Solution File, Format Version 12.00
# Visual Studio Version 16
VisualStudioVersion = 16.0.30804.86
MinimumVisualStudioVersion = 10.0.40219.1
Project("{FAE04EC0-301F-11D3-BF4B-00C04F79EFBC}") = "BOM Report 2", "DXApplication2\BOM Report 2.csproj", "{DAA0C717-6F27-438B-8549-9BAE0702E86B}"
EndProject
Global
	GlobalSection(SolutionConfigurationPlatforms) = preSolution
		Debug|Any CPU = Debug|Any CPU
		Release|Any CPU = Release|Any CPU
	EndGlobalSection
	GlobalSection(ProjectConfigurationPlatforms) = postSolution
		{DAA0C717-6F27-438B-8549-9BAE0702E86B}.Debug|Any CPU.ActiveCfg = Debug|Any CPU
		{DAA0C717-6F27-438B-8549-9BAE0702E86B}.Debug|Any CPU.Build.0 = Debug|Any CPU
		{DAA0C717-6F27-438B-8549-9BAE0702E86B}.Release|Any CPU.ActiveCfg = Release|Any CPU
		{DAA0C717-6F27-438B-8549-9BAE0702E86B}.Release|Any CPU.Build.0 = Release|Any CPU
	EndGlobalSection
	GlobalSection(SolutionProperties) = preSolution
		HideSolutionNode = FALSE
	EndGlobalSection
	GlobalSection(ExtensibilityGlobals) = postSolution
		SolutionGuid = {BB1447D4-82BC-4267-9F7F-7B45CEB81AFE}
	EndGlobalSection
EndGlobal
